// !$*UTF8*$!
{
	archiveVersion = 1;
	classes = {
	};
	objectVersion = 51;
	objects = {

/* Begin PBXBuildFile section */
		4435770D23F768BA00D68329 /* LoginViewController.swift in Sources */ = {isa = PBXBuildFile; fileRef = 4435770C23F768BA00D68329 /* LoginViewController.swift */; };
		4435770F23F768C900D68329 /* FeedViewController.swift in Sources */ = {isa = PBXBuildFile; fileRef = 4435770E23F768C800D68329 /* FeedViewController.swift */; };
		4435771123F7744800D68329 /* CameraViewController.swift in Sources */ = {isa = PBXBuildFile; fileRef = 4435771023F7744800D68329 /* CameraViewController.swift */; };
		4442666923F35DB800BBE8A6 /* AppDelegate.swift in Sources */ = {isa = PBXBuildFile; fileRef = 4442666823F35DB800BBE8A6 /* AppDelegate.swift */; };
		4442666B23F35DB800BBE8A6 /* SceneDelegate.swift in Sources */ = {isa = PBXBuildFile; fileRef = 4442666A23F35DB800BBE8A6 /* SceneDelegate.swift */; };
		4442667023F35DB800BBE8A6 /* Main.storyboard in Resources */ = {isa = PBXBuildFile; fileRef = 4442666E23F35DB800BBE8A6 /* Main.storyboard */; };
		4442667223F35DB900BBE8A6 /* Assets.xcassets in Resources */ = {isa = PBXBuildFile; fileRef = 4442667123F35DB900BBE8A6 /* Assets.xcassets */; };
		4442667523F35DB900BBE8A6 /* LaunchScreen.storyboard in Resources */ = {isa = PBXBuildFile; fileRef = 4442667323F35DB900BBE8A6 /* LaunchScreen.storyboard */; };
		4442668023F35DB900BBE8A6 /* ParstagramTests.swift in Sources */ = {isa = PBXBuildFile; fileRef = 4442667F23F35DB900BBE8A6 /* ParstagramTests.swift */; };
		4442668B23F35DB900BBE8A6 /* ParstagramUITests.swift in Sources */ = {isa = PBXBuildFile; fileRef = 4442668A23F35DB900BBE8A6 /* ParstagramUITests.swift */; };
		44823BFF240498560021272E /* PostCell.swift in Sources */ = {isa = PBXBuildFile; fileRef = 44823BFE240498560021272E /* PostCell.swift */; };
		44E2B31E24071DCF005CA943 /* CommentCell.swift in Sources */ = {isa = PBXBuildFile; fileRef = 44E2B31D24071DCF005CA943 /* CommentCell.swift */; };
		587E82E6D1903BD820E7249D /* Pods_Parstagram_ParstagramUITests.framework in Frameworks */ = {isa = PBXBuildFile; fileRef = 6BF87F1F945F3E033B37A8F7 /* Pods_Parstagram_ParstagramUITests.framework */; };
		A5051B512F88F44D61D6A8D6 /* Pods_Parstagram.framework in Frameworks */ = {isa = PBXBuildFile; fileRef = A44D936AF2441257E79A4DE0 /* Pods_Parstagram.framework */; };
		FE0407222CEF13859032D441 /* Pods_ParstagramTests.framework in Frameworks */ = {isa = PBXBuildFile; fileRef = 7F1E6573D8D90A9B7A5CA2A1 /* Pods_ParstagramTests.framework */; };
/* End PBXBuildFile section */

/* Begin PBXContainerItemProxy section */
		4442667C23F35DB900BBE8A6 /* PBXContainerItemProxy */ = {
			isa = PBXContainerItemProxy;
			containerPortal = 4442665D23F35DB800BBE8A6 /* Project object */;
			proxyType = 1;
			remoteGlobalIDString = 4442666423F35DB800BBE8A6;
			remoteInfo = Parstagram;
		};
		4442668723F35DB900BBE8A6 /* PBXContainerItemProxy */ = {
			isa = PBXContainerItemProxy;
			containerPortal = 4442665D23F35DB800BBE8A6 /* Project object */;
			proxyType = 1;
			remoteGlobalIDString = 4442666423F35DB800BBE8A6;
			remoteInfo = Parstagram;
		};
/* End PBXContainerItemProxy section */

/* Begin PBXFileReference section */
		107BAC477B9C763E52BE26DE /* Pods-Parstagram-ParstagramUITests.release.xcconfig */ = {isa = PBXFileReference; includeInIndex = 1; lastKnownFileType = text.xcconfig; name = "Pods-Parstagram-ParstagramUITests.release.xcconfig"; path = "Target Support Files/Pods-Parstagram-ParstagramUITests/Pods-Parstagram-ParstagramUITests.release.xcconfig"; sourceTree = "<group>"; };
		34534FC402B7E9F06DFB3EE6 /* Pods-ParstagramTests.release.xcconfig */ = {isa = PBXFileReference; includeInIndex = 1; lastKnownFileType = text.xcconfig; name = "Pods-ParstagramTests.release.xcconfig"; path = "Target Support Files/Pods-ParstagramTests/Pods-ParstagramTests.release.xcconfig"; sourceTree = "<group>"; };
		4435770C23F768BA00D68329 /* LoginViewController.swift */ = {isa = PBXFileReference; lastKnownFileType = sourcecode.swift; path = LoginViewController.swift; sourceTree = "<group>"; };
		4435770E23F768C800D68329 /* FeedViewController.swift */ = {isa = PBXFileReference; lastKnownFileType = sourcecode.swift; path = FeedViewController.swift; sourceTree = "<group>"; };
		4435771023F7744800D68329 /* CameraViewController.swift */ = {isa = PBXFileReference; lastKnownFileType = sourcecode.swift; path = CameraViewController.swift; sourceTree = "<group>"; };
		4442666523F35DB800BBE8A6 /* Parstagram.app */ = {isa = PBXFileReference; explicitFileType = wrapper.application; includeInIndex = 0; path = Parstagram.app; sourceTree = BUILT_PRODUCTS_DIR; };
		4442666823F35DB800BBE8A6 /* AppDelegate.swift */ = {isa = PBXFileReference; lastKnownFileType = sourcecode.swift; path = AppDelegate.swift; sourceTree = "<group>"; };
		4442666A23F35DB800BBE8A6 /* SceneDelegate.swift */ = {isa = PBXFileReference; lastKnownFileType = sourcecode.swift; path = SceneDelegate.swift; sourceTree = "<group>"; };
		4442666F23F35DB800BBE8A6 /* Base */ = {isa = PBXFileReference; lastKnownFileType = file.storyboard; name = Base; path = Base.lproj/Main.storyboard; sourceTree = "<group>"; };
		4442667123F35DB900BBE8A6 /* Assets.xcassets */ = {isa = PBXFileReference; lastKnownFileType = folder.assetcatalog; path = Assets.xcassets; sourceTree = "<group>"; };
		4442667423F35DB900BBE8A6 /* Base */ = {isa = PBXFileReference; lastKnownFileType = file.storyboard; name = Base; path = Base.lproj/LaunchScreen.storyboard; sourceTree = "<group>"; };
		4442667623F35DB900BBE8A6 /* Info.plist */ = {isa = PBXFileReference; lastKnownFileType = text.plist.xml; path = Info.plist; sourceTree = "<group>"; };
		4442667B23F35DB900BBE8A6 /* ParstagramTests.xctest */ = {isa = PBXFileReference; explicitFileType = wrapper.cfbundle; includeInIndex = 0; path = ParstagramTests.xctest; sourceTree = BUILT_PRODUCTS_DIR; };
		4442667F23F35DB900BBE8A6 /* ParstagramTests.swift */ = {isa = PBXFileReference; lastKnownFileType = sourcecode.swift; path = ParstagramTests.swift; sourceTree = "<group>"; };
		4442668123F35DB900BBE8A6 /* Info.plist */ = {isa = PBXFileReference; lastKnownFileType = text.plist.xml; path = Info.plist; sourceTree = "<group>"; };
		4442668623F35DB900BBE8A6 /* ParstagramUITests.xctest */ = {isa = PBXFileReference; explicitFileType = wrapper.cfbundle; includeInIndex = 0; path = ParstagramUITests.xctest; sourceTree = BUILT_PRODUCTS_DIR; };
		4442668A23F35DB900BBE8A6 /* ParstagramUITests.swift */ = {isa = PBXFileReference; lastKnownFileType = sourcecode.swift; path = ParstagramUITests.swift; sourceTree = "<group>"; };
		4442668C23F35DB900BBE8A6 /* Info.plist */ = {isa = PBXFileReference; lastKnownFileType = text.plist.xml; path = Info.plist; sourceTree = "<group>"; };
		44823BFE240498560021272E /* PostCell.swift */ = {isa = PBXFileReference; lastKnownFileType = sourcecode.swift; path = PostCell.swift; sourceTree = "<group>"; };
		44E2B31D24071DCF005CA943 /* CommentCell.swift */ = {isa = PBXFileReference; lastKnownFileType = sourcecode.swift; path = CommentCell.swift; sourceTree = "<group>"; };
		6BF87F1F945F3E033B37A8F7 /* Pods_Parstagram_ParstagramUITests.framework */ = {isa = PBXFileReference; explicitFileType = wrapper.framework; includeInIndex = 0; path = Pods_Parstagram_ParstagramUITests.framework; sourceTree = BUILT_PRODUCTS_DIR; };
		7F1E6573D8D90A9B7A5CA2A1 /* Pods_ParstagramTests.framework */ = {isa = PBXFileReference; explicitFileType = wrapper.framework; includeInIndex = 0; path = Pods_ParstagramTests.framework; sourceTree = BUILT_PRODUCTS_DIR; };
		8524E2C2FBC9E1D75A0EAACC /* Pods-Parstagram.debug.xcconfig */ = {isa = PBXFileReference; includeInIndex = 1; lastKnownFileType = text.xcconfig; name = "Pods-Parstagram.debug.xcconfig"; path = "Target Support Files/Pods-Parstagram/Pods-Parstagram.debug.xcconfig"; sourceTree = "<group>"; };
		A44D936AF2441257E79A4DE0 /* Pods_Parstagram.framework */ = {isa = PBXFileReference; explicitFileType = wrapper.framework; includeInIndex = 0; path = Pods_Parstagram.framework; sourceTree = BUILT_PRODUCTS_DIR; };
		AD7F8079F2A81CA9BB775AFF /* Pods-Parstagram-ParstagramUITests.debug.xcconfig */ = {isa = PBXFileReference; includeInIndex = 1; lastKnownFileType = text.xcconfig; name = "Pods-Parstagram-ParstagramUITests.debug.xcconfig"; path = "Target Support Files/Pods-Parstagram-ParstagramUITests/Pods-Parstagram-ParstagramUITests.debug.xcconfig"; sourceTree = "<group>"; };
		DD0AB8284B65EB37373BE906 /* Pods-Parstagram.release.xcconfig */ = {isa = PBXFileReference; includeInIndex = 1; lastKnownFileType = text.xcconfig; name = "Pods-Parstagram.release.xcconfig"; path = "Target Support Files/Pods-Parstagram/Pods-Parstagram.release.xcconfig"; sourceTree = "<group>"; };
		FBB35E28A6011031CBB059D0 /* Pods-ParstagramTests.debug.xcconfig */ = {isa = PBXFileReference; includeInIndex = 1; lastKnownFileType = text.xcconfig; name = "Pods-ParstagramTests.debug.xcconfig"; path = "Target Support Files/Pods-ParstagramTests/Pods-ParstagramTests.debug.xcconfig"; sourceTree = "<group>"; };
/* End PBXFileReference section */

/* Begin PBXFrameworksBuildPhase section */
		4442666223F35DB800BBE8A6 /* Frameworks */ = {
			isa = PBXFrameworksBuildPhase;
			buildActionMask = 2147483647;
			files = (
				A5051B512F88F44D61D6A8D6 /* Pods_Parstagram.framework in Frameworks */,
			);
			runOnlyForDeploymentPostprocessing = 0;
		};
		4442667823F35DB900BBE8A6 /* Frameworks */ = {
			isa = PBXFrameworksBuildPhase;
			buildActionMask = 2147483647;
			files = (
				FE0407222CEF13859032D441 /* Pods_ParstagramTests.framework in Frameworks */,
			);
			runOnlyForDeploymentPostprocessing = 0;
		};
		4442668323F35DB900BBE8A6 /* Frameworks */ = {
			isa = PBXFrameworksBuildPhase;
			buildActionMask = 2147483647;
			files = (
				587E82E6D1903BD820E7249D /* Pods_Parstagram_ParstagramUITests.framework in Frameworks */,
			);
			runOnlyForDeploymentPostprocessing = 0;
		};
/* End PBXFrameworksBuildPhase section */

/* Begin PBXGroup section */
		437D2837B6F70A15A21E98DB /* Pods */ = {
			isa = PBXGroup;
			children = (
				8524E2C2FBC9E1D75A0EAACC /* Pods-Parstagram.debug.xcconfig */,
				DD0AB8284B65EB37373BE906 /* Pods-Parstagram.release.xcconfig */,
				AD7F8079F2A81CA9BB775AFF /* Pods-Parstagram-ParstagramUITests.debug.xcconfig */,
				107BAC477B9C763E52BE26DE /* Pods-Parstagram-ParstagramUITests.release.xcconfig */,
				FBB35E28A6011031CBB059D0 /* Pods-ParstagramTests.debug.xcconfig */,
				34534FC402B7E9F06DFB3EE6 /* Pods-ParstagramTests.release.xcconfig */,
			);
			path = Pods;
			sourceTree = "<group>";
		};
		4442665C23F35DB800BBE8A6 = {
			isa = PBXGroup;
			children = (
				4442666723F35DB800BBE8A6 /* Parstagram */,
				4442667E23F35DB900BBE8A6 /* ParstagramTests */,
				4442668923F35DB900BBE8A6 /* ParstagramUITests */,
				4442666623F35DB800BBE8A6 /* Products */,
				437D2837B6F70A15A21E98DB /* Pods */,
				F6576FD514BA45CBEB344239 /* Frameworks */,
			);
			sourceTree = "<group>";
		};
		4442666623F35DB800BBE8A6 /* Products */ = {
			isa = PBXGroup;
			children = (
				4442666523F35DB800BBE8A6 /* Parstagram.app */,
				4442667B23F35DB900BBE8A6 /* ParstagramTests.xctest */,
				4442668623F35DB900BBE8A6 /* ParstagramUITests.xctest */,
			);
			name = Products;
			sourceTree = "<group>";
		};
		4442666723F35DB800BBE8A6 /* Parstagram */ = {
			isa = PBXGroup;
			children = (
				4442666823F35DB800BBE8A6 /* AppDelegate.swift */,
				4442666A23F35DB800BBE8A6 /* SceneDelegate.swift */,
				4442666E23F35DB800BBE8A6 /* Main.storyboard */,
				4442667123F35DB900BBE8A6 /* Assets.xcassets */,
				4442667323F35DB900BBE8A6 /* LaunchScreen.storyboard */,
				4442667623F35DB900BBE8A6 /* Info.plist */,
				4435770C23F768BA00D68329 /* LoginViewController.swift */,
				4435770E23F768C800D68329 /* FeedViewController.swift */,
				4435771023F7744800D68329 /* CameraViewController.swift */,
				44823BFE240498560021272E /* PostCell.swift */,
				44E2B31D24071DCF005CA943 /* CommentCell.swift */,
			);
			path = Parstagram;
			sourceTree = "<group>";
		};
		4442667E23F35DB900BBE8A6 /* ParstagramTests */ = {
			isa = PBXGroup;
			children = (
				4442667F23F35DB900BBE8A6 /* ParstagramTests.swift */,
				4442668123F35DB900BBE8A6 /* Info.plist */,
			);
			path = ParstagramTests;
			sourceTree = "<group>";
		};
		4442668923F35DB900BBE8A6 /* ParstagramUITests */ = {
			isa = PBXGroup;
			children = (
				4442668A23F35DB900BBE8A6 /* ParstagramUITests.swift */,
				4442668C23F35DB900BBE8A6 /* Info.plist */,
			);
			path = ParstagramUITests;
			sourceTree = "<group>";
		};
		F6576FD514BA45CBEB344239 /* Frameworks */ = {
			isa = PBXGroup;
			children = (
				A44D936AF2441257E79A4DE0 /* Pods_Parstagram.framework */,
				6BF87F1F945F3E033B37A8F7 /* Pods_Parstagram_ParstagramUITests.framework */,
				7F1E6573D8D90A9B7A5CA2A1 /* Pods_ParstagramTests.framework */,
			);
			name = Frameworks;
			sourceTree = "<group>";
		};
/* End PBXGroup section */

/* Begin PBXNativeTarget section */
		4442666423F35DB800BBE8A6 /* Parstagram */ = {
			isa = PBXNativeTarget;
			buildConfigurationList = 4442668F23F35DB900BBE8A6 /* Build configuration list for PBXNativeTarget "Parstagram" */;
			buildPhases = (
				6DD14414834505693CB2359A /* [CP] Check Pods Manifest.lock */,
				4442666123F35DB800BBE8A6 /* Sources */,
				4442666223F35DB800BBE8A6 /* Frameworks */,
				4442666323F35DB800BBE8A6 /* Resources */,
				BA42CF0AEC6B8C1565BEFCB0 /* [CP] Embed Pods Frameworks */,
			);
			buildRules = (
			);
			dependencies = (
			);
			name = Parstagram;
			productName = Parstagram;
			productReference = 4442666523F35DB800BBE8A6 /* Parstagram.app */;
			productType = "com.apple.product-type.application";
		};
		4442667A23F35DB900BBE8A6 /* ParstagramTests */ = {
			isa = PBXNativeTarget;
			buildConfigurationList = 4442669223F35DB900BBE8A6 /* Build configuration list for PBXNativeTarget "ParstagramTests" */;
			buildPhases = (
				562D091D316BCEEB239380CA /* [CP] Check Pods Manifest.lock */,
				4442667723F35DB900BBE8A6 /* Sources */,
				4442667823F35DB900BBE8A6 /* Frameworks */,
				4442667923F35DB900BBE8A6 /* Resources */,
			);
			buildRules = (
			);
			dependencies = (
				4442667D23F35DB900BBE8A6 /* PBXTargetDependency */,
			);
			name = ParstagramTests;
			productName = ParstagramTests;
			productReference = 4442667B23F35DB900BBE8A6 /* ParstagramTests.xctest */;
			productType = "com.apple.product-type.bundle.unit-test";
		};
		4442668523F35DB900BBE8A6 /* ParstagramUITests */ = {
			isa = PBXNativeTarget;
			buildConfigurationList = 4442669523F35DB900BBE8A6 /* Build configuration list for PBXNativeTarget "ParstagramUITests" */;
			buildPhases = (
				2B039164761E438C30B13D5B /* [CP] Check Pods Manifest.lock */,
				4442668223F35DB900BBE8A6 /* Sources */,
				4442668323F35DB900BBE8A6 /* Frameworks */,
				4442668423F35DB900BBE8A6 /* Resources */,
				DA92666B4DB744ABB9B1F385 /* [CP] Embed Pods Frameworks */,
			);
			buildRules = (
			);
			dependencies = (
				4442668823F35DB900BBE8A6 /* PBXTargetDependency */,
			);
			name = ParstagramUITests;
			productName = ParstagramUITests;
			productReference = 4442668623F35DB900BBE8A6 /* ParstagramUITests.xctest */;
			productType = "com.apple.product-type.bundle.ui-testing";
		};
/* End PBXNativeTarget section */

/* Begin PBXProject section */
		4442665D23F35DB800BBE8A6 /* Project object */ = {
			isa = PBXProject;
			attributes = {
				LastSwiftUpdateCheck = 1130;
				LastUpgradeCheck = 1130;
				ORGANIZATIONNAME = "Nasar K Issa";
				TargetAttributes = {
					4442666423F35DB800BBE8A6 = {
						CreatedOnToolsVersion = 11.3.1;
					};
					4442667A23F35DB900BBE8A6 = {
						CreatedOnToolsVersion = 11.3.1;
						TestTargetID = 4442666423F35DB800BBE8A6;
					};
					4442668523F35DB900BBE8A6 = {
						CreatedOnToolsVersion = 11.3.1;
						TestTargetID = 4442666423F35DB800BBE8A6;
					};
				};
			};
			buildConfigurationList = 4442666023F35DB800BBE8A6 /* Build configuration list for PBXProject "Parstagram" */;
			compatibilityVersion = "Xcode 9.3";
			developmentRegion = en;
			hasScannedForEncodings = 0;
			knownRegions = (
				en,
				Base,
			);
			mainGroup = 4442665C23F35DB800BBE8A6;
			productRefGroup = 4442666623F35DB800BBE8A6 /* Products */;
			projectDirPath = "";
			projectRoot = "";
			targets = (
				4442666423F35DB800BBE8A6 /* Parstagram */,
				4442667A23F35DB900BBE8A6 /* ParstagramTests */,
				4442668523F35DB900BBE8A6 /* ParstagramUITests */,
			);
		};
/* End PBXProject section */

/* Begin PBXResourcesBuildPhase section */
		4442666323F35DB800BBE8A6 /* Resources */ = {
			isa = PBXResourcesBuildPhase;
			buildActionMask = 2147483647;
			files = (
				4442667523F35DB900BBE8A6 /* LaunchScreen.storyboard in Resources */,
				4442667223F35DB900BBE8A6 /* Assets.xcassets in Resources */,
				4442667023F35DB800BBE8A6 /* Main.storyboard in Resources */,
			);
			runOnlyForDeploymentPostprocessing = 0;
		};
		4442667923F35DB900BBE8A6 /* Resources */ = {
			isa = PBXResourcesBuildPhase;
			buildActionMask = 2147483647;
			files = (
			);
			runOnlyForDeploymentPostprocessing = 0;
		};
		4442668423F35DB900BBE8A6 /* Resources */ = {
			isa = PBXResourcesBuildPhase;
			buildActionMask = 2147483647;
			files = (
			);
			runOnlyForDeploymentPostprocessing = 0;
		};
/* End PBXResourcesBuildPhase section */

/* Begin PBXShellScriptBuildPhase section */
		2B039164761E438C30B13D5B /* [CP] Check Pods Manifest.lock */ = {
			isa = PBXShellScriptBuildPhase;
			buildActionMask = 2147483647;
			files = (
			);
			inputFileListPaths = (
			);
			inputPaths = (
				"${PODS_PODFILE_DIR_PATH}/Podfile.lock",
				"${PODS_ROOT}/Manifest.lock",
			);
			name = "[CP] Check Pods Manifest.lock";
			outputFileListPaths = (
			);
			outputPaths = (
				"$(DERIVED_FILE_DIR)/Pods-Parstagram-ParstagramUITests-checkManifestLockResult.txt",
			);
			runOnlyForDeploymentPostprocessing = 0;
			shellPath = /bin/sh;
			shellScript = "diff \"${PODS_PODFILE_DIR_PATH}/Podfile.lock\" \"${PODS_ROOT}/Manifest.lock\" > /dev/null\nif [ $? != 0 ] ; then\n    # print error to STDERR\n    echo \"error: The sandbox is not in sync with the Podfile.lock. Run 'pod install' or update your CocoaPods installation.\" >&2\n    exit 1\nfi\n# This output is used by Xcode 'outputs' to avoid re-running this script phase.\necho \"SUCCESS\" > \"${SCRIPT_OUTPUT_FILE_0}\"\n";
			showEnvVarsInLog = 0;
		};
		562D091D316BCEEB239380CA /* [CP] Check Pods Manifest.lock */ = {
			isa = PBXShellScriptBuildPhase;
			buildActionMask = 2147483647;
			files = (
			);
			inputFileListPaths = (
			);
			inputPaths = (
				"${PODS_PODFILE_DIR_PATH}/Podfile.lock",
				"${PODS_ROOT}/Manifest.lock",
			);
			name = "[CP] Check Pods Manifest.lock";
			outputFileListPaths = (
			);
			outputPaths = (
				"$(DERIVED_FILE_DIR)/Pods-ParstagramTests-checkManifestLockResult.txt",
			);
			runOnlyForDeploymentPostprocessing = 0;
			shellPath = /bin/sh;
			shellScript = "diff \"${PODS_PODFILE_DIR_PATH}/Podfile.lock\" \"${PODS_ROOT}/Manifest.lock\" > /dev/null\nif [ $? != 0 ] ; then\n    # print error to STDERR\n    echo \"error: The sandbox is not in sync with the Podfile.lock. Run 'pod install' or update your CocoaPods installation.\" >&2\n    exit 1\nfi\n# This output is used by Xcode 'outputs' to avoid re-running this script phase.\necho \"SUCCESS\" > \"${SCRIPT_OUTPUT_FILE_0}\"\n";
			showEnvVarsInLog = 0;
		};
		6DD14414834505693CB2359A /* [CP] Check Pods Manifest.lock */ = {
			isa = PBXShellScriptBuildPhase;
			buildActionMask = 2147483647;
			files = (
			);
			inputFileListPaths = (
			);
			inputPaths = (
				"${PODS_PODFILE_DIR_PATH}/Podfile.lock",
				"${PODS_ROOT}/Manifest.lock",
			);
			name = "[CP] Check Pods Manifest.lock";
			outputFileListPaths = (
			);
			outputPaths = (
				"$(DERIVED_FILE_DIR)/Pods-Parstagram-checkManifestLockResult.txt",
			);
			runOnlyForDeploymentPostprocessing = 0;
			shellPath = /bin/sh;
			shellScript = "diff \"${PODS_PODFILE_DIR_PATH}/Podfile.lock\" \"${PODS_ROOT}/Manifest.lock\" > /dev/null\nif [ $? != 0 ] ; then\n    # print error to STDERR\n    echo \"error: The sandbox is not in sync with the Podfile.lock. Run 'pod install' or update your CocoaPods installation.\" >&2\n    exit 1\nfi\n# This output is used by Xcode 'outputs' to avoid re-running this script phase.\necho \"SUCCESS\" > \"${SCRIPT_OUTPUT_FILE_0}\"\n";
			showEnvVarsInLog = 0;
		};
		BA42CF0AEC6B8C1565BEFCB0 /* [CP] Embed Pods Frameworks */ = {
			isa = PBXShellScriptBuildPhase;
			buildActionMask = 2147483647;
			files = (
			);
			inputFileListPaths = (
				"${PODS_ROOT}/Target Support Files/Pods-Parstagram/Pods-Parstagram-frameworks-${CONFIGURATION}-input-files.xcfilelist",
			);
			name = "[CP] Embed Pods Frameworks";
			outputFileListPaths = (
				"${PODS_ROOT}/Target Support Files/Pods-Parstagram/Pods-Parstagram-frameworks-${CONFIGURATION}-output-files.xcfilelist",
			);
			runOnlyForDeploymentPostprocessing = 0;
			shellPath = /bin/sh;
			shellScript = "\"${PODS_ROOT}/Target Support Files/Pods-Parstagram/Pods-Parstagram-frameworks.sh\"\n";
			showEnvVarsInLog = 0;
		};
		DA92666B4DB744ABB9B1F385 /* [CP] Embed Pods Frameworks */ = {
			isa = PBXShellScriptBuildPhase;
			buildActionMask = 2147483647;
			files = (
			);
			inputFileListPaths = (
				"${PODS_ROOT}/Target Support Files/Pods-Parstagram-ParstagramUITests/Pods-Parstagram-ParstagramUITests-frameworks-${CONFIGURATION}-input-files.xcfilelist",
			);
			name = "[CP] Embed Pods Frameworks";
			outputFileListPaths = (
				"${PODS_ROOT}/Target Support Files/Pods-Parstagram-ParstagramUITests/Pods-Parstagram-ParstagramUITests-frameworks-${CONFIGURATION}-output-files.xcfilelist",
			);
			runOnlyForDeploymentPostprocessing = 0;
			shellPath = /bin/sh;
			shellScript = "\"${PODS_ROOT}/Target Support Files/Pods-Parstagram-ParstagramUITests/Pods-Parstagram-ParstagramUITests-frameworks.sh\"\n";
			showEnvVarsInLog = 0;
		};
/* End PBXShellScriptBuildPhase section */

/* Begin PBXSourcesBuildPhase section */
		4442666123F35DB800BBE8A6 /* Sources */ = {
			isa = PBXSourcesBuildPhase;
			buildActionMask = 2147483647;
			files = (
				4435770D23F768BA00D68329 /* LoginViewController.swift in Sources */,
				4435771123F7744800D68329 /* CameraViewController.swift in Sources */,
				4442666923F35DB800BBE8A6 /* AppDelegate.swift in Sources */,
				4435770F23F768C900D68329 /* FeedViewController.swift in Sources */,
				4442666B23F35DB800BBE8A6 /* SceneDelegate.swift in Sources */,
				44823BFF240498560021272E /* PostCell.swift in Sources */,
				44E2B31E24071DCF005CA943 /* CommentCell.swift in Sources */,
			);
			runOnlyForDeploymentPostprocessing = 0;
		};
		4442667723F35DB900BBE8A6 /* Sources */ = {
			isa = PBXSourcesBuildPhase;
			buildActionMask = 2147483647;
			files = (
				4442668023F35DB900BBE8A6 /* ParstagramTests.swift in Sources */,
			);
			runOnlyForDeploymentPostprocessing = 0;
		};
		4442668223F35DB900BBE8A6 /* Sources */ = {
			isa = PBXSourcesBuildPhase;
			buildActionMask = 2147483647;
			files = (
				4442668B23F35DB900BBE8A6 /* ParstagramUITests.swift in Sources */,
			);
			runOnlyForDeploymentPostprocessing = 0;
		};
/* End PBXSourcesBuildPhase section */

/* Begin PBXTargetDependency section */
		4442667D23F35DB900BBE8A6 /* PBXTargetDependency */ = {
			isa = PBXTargetDependency;
			target = 4442666423F35DB800BBE8A6 /* Parstagram */;
			targetProxy = 4442667C23F35DB900BBE8A6 /* PBXContainerItemProxy */;
		};
		4442668823F35DB900BBE8A6 /* PBXTargetDependency */ = {
			isa = PBXTargetDependency;
			target = 4442666423F35DB800BBE8A6 /* Parstagram */;
			targetProxy = 4442668723F35DB900BBE8A6 /* PBXContainerItemProxy */;
		};
/* End PBXTargetDependency section */

/* Begin PBXVariantGroup section */
		4442666E23F35DB800BBE8A6 /* Main.storyboard */ = {
			isa = PBXVariantGroup;
			children = (
				4442666F23F35DB800BBE8A6 /* Base */,
			);
			name = Main.storyboard;
			sourceTree = "<group>";
		};
		4442667323F35DB900BBE8A6 /* LaunchScreen.storyboard */ = {
			isa = PBXVariantGroup;
			children = (
				4442667423F35DB900BBE8A6 /* Base */,
			);
			name = LaunchScreen.storyboard;
			sourceTree = "<group>";
		};
/* End PBXVariantGroup section */

/* Begin XCBuildConfiguration section */
		4442668D23F35DB900BBE8A6 /* Debug */ = {
			isa = XCBuildConfiguration;
			buildSettings = {
				ALWAYS_SEARCH_USER_PATHS = NO;
				CLANG_ANALYZER_NONNULL = YES;
				CLANG_ANALYZER_NUMBER_OBJECT_CONVERSION = YES_AGGRESSIVE;
				CLANG_CXX_LANGUAGE_STANDARD = "gnu++14";
				CLANG_CXX_LIBRARY = "libc++";
				CLANG_ENABLE_MODULES = YES;
				CLANG_ENABLE_OBJC_ARC = YES;
				CLANG_ENABLE_OBJC_WEAK = YES;
				CLANG_WARN_BLOCK_CAPTURE_AUTORELEASING = YES;
				CLANG_WARN_BOOL_CONVERSION = YES;
				CLANG_WARN_COMMA = YES;
				CLANG_WARN_CONSTANT_CONVERSION = YES;
				CLANG_WARN_DEPRECATED_OBJC_IMPLEMENTATIONS = YES;
				CLANG_WARN_DIRECT_OBJC_ISA_USAGE = YES_ERROR;
				CLANG_WARN_DOCUMENTATION_COMMENTS = YES;
				CLANG_WARN_EMPTY_BODY = YES;
				CLANG_WARN_ENUM_CONVERSION = YES;
				CLANG_WARN_INFINITE_RECURSION = YES;
				CLANG_WARN_INT_CONVERSION = YES;
				CLANG_WARN_NON_LITERAL_NULL_CONVERSION = YES;
				CLANG_WARN_OBJC_IMPLICIT_RETAIN_SELF = YES;
				CLANG_WARN_OBJC_LITERAL_CONVERSION = YES;
				CLANG_WARN_OBJC_ROOT_CLASS = YES_ERROR;
				CLANG_WARN_RANGE_LOOP_ANALYSIS = YES;
				CLANG_WARN_STRICT_PROTOTYPES = YES;
				CLANG_WARN_SUSPICIOUS_MOVE = YES;
				CLANG_WARN_UNGUARDED_AVAILABILITY = YES_AGGRESSIVE;
				CLANG_WARN_UNREACHABLE_CODE = YES;
				CLANG_WARN__DUPLICATE_METHOD_MATCH = YES;
				COPY_PHASE_STRIP = NO;
				DEBUG_INFORMATION_FORMAT = dwarf;
				ENABLE_STRICT_OBJC_MSGSEND = YES;
				ENABLE_TESTABILITY = YES;
				GCC_C_LANGUAGE_STANDARD = gnu11;
				GCC_DYNAMIC_NO_PIC = NO;
				GCC_NO_COMMON_BLOCKS = YES;
				GCC_OPTIMIZATION_LEVEL = 0;
				GCC_PREPROCESSOR_DEFINITIONS = (
					"DEBUG=1",
					"$(inherited)",
				);
				GCC_WARN_64_TO_32_BIT_CONVERSION = YES;
				GCC_WARN_ABOUT_RETURN_TYPE = YES_ERROR;
				GCC_WARN_UNDECLARED_SELECTOR = YES;
				GCC_WARN_UNINITIALIZED_AUTOS = YES_AGGRESSIVE;
				GCC_WARN_UNUSED_FUNCTION = YES;
				GCC_WARN_UNUSED_VARIABLE = YES;
				IPHONEOS_DEPLOYMENT_TARGET = 13.2;
				MTL_ENABLE_DEBUG_INFO = INCLUDE_SOURCE;
				MTL_FAST_MATH = YES;
				ONLY_ACTIVE_ARCH = YES;
				SDKROOT = iphoneos;
				SWIFT_ACTIVE_COMPILATION_CONDITIONS = DEBUG;
				SWIFT_OPTIMIZATION_LEVEL = "-Onone";
			};
			name = Debug;
		};
		4442668E23F35DB900BBE8A6 /* Release */ = {
			isa = XCBuildConfiguration;
			buildSettings = {
				ALWAYS_SEARCH_USER_PATHS = NO;
				CLANG_ANALYZER_NONNULL = YES;
				CLANG_ANALYZER_NUMBER_OBJECT_CONVERSION = YES_AGGRESSIVE;
				CLANG_CXX_LANGUAGE_STANDARD = "gnu++14";
				CLANG_CXX_LIBRARY = "libc++";
				CLANG_ENABLE_MODULES = YES;
				CLANG_ENABLE_OBJC_ARC = YES;
				CLANG_ENABLE_OBJC_WEAK = YES;
				CLANG_WARN_BLOCK_CAPTURE_AUTORELEASING = YES;
				CLANG_WARN_BOOL_CONVERSION = YES;
				CLANG_WARN_COMMA = YES;
				CLANG_WARN_CONSTANT_CONVERSION = YES;
				CLANG_WARN_DEPRECATED_OBJC_IMPLEMENTATIONS = YES;
				CLANG_WARN_DIRECT_OBJC_ISA_USAGE = YES_ERROR;
				CLANG_WARN_DOCUMENTATION_COMMENTS = YES;
				CLANG_WARN_EMPTY_BODY = YES;
				CLANG_WARN_ENUM_CONVERSION = YES;
				CLANG_WARN_INFINITE_RECURSION = YES;
				CLANG_WARN_INT_CONVERSION = YES;
				CLANG_WARN_NON_LITERAL_NULL_CONVERSION = YES;
				CLANG_WARN_OBJC_IMPLICIT_RETAIN_SELF = YES;
				CLANG_WARN_OBJC_LITERAL_CONVERSION = YES;
				CLANG_WARN_OBJC_ROOT_CLASS = YES_ERROR;
				CLANG_WARN_RANGE_LOOP_ANALYSIS = YES;
				CLANG_WARN_STRICT_PROTOTYPES = YES;
				CLANG_WARN_SUSPICIOUS_MOVE = YES;
				CLANG_WARN_UNGUARDED_AVAILABILITY = YES_AGGRESSIVE;
				CLANG_WARN_UNREACHABLE_CODE = YES;
				CLANG_WARN__DUPLICATE_METHOD_MATCH = YES;
				COPY_PHASE_STRIP = NO;
				DEBUG_INFORMATION_FORMAT = "dwarf-with-dsym";
				ENABLE_NS_ASSERTIONS = NO;
				ENABLE_STRICT_OBJC_MSGSEND = YES;
				GCC_C_LANGUAGE_STANDARD = gnu11;
				GCC_NO_COMMON_BLOCKS = YES;
				GCC_WARN_64_TO_32_BIT_CONVERSION = YES;
				GCC_WARN_ABOUT_RETURN_TYPE = YES_ERROR;
				GCC_WARN_UNDECLARED_SELECTOR = YES;
				GCC_WARN_UNINITIALIZED_AUTOS = YES_AGGRESSIVE;
				GCC_WARN_UNUSED_FUNCTION = YES;
				GCC_WARN_UNUSED_VARIABLE = YES;
				IPHONEOS_DEPLOYMENT_TARGET = 13.2;
				MTL_ENABLE_DEBUG_INFO = NO;
				MTL_FAST_MATH = YES;
				SDKROOT = iphoneos;
				SWIFT_COMPILATION_MODE = wholemodule;
				SWIFT_OPTIMIZATION_LEVEL = "-O";
				VALIDATE_PRODUCT = YES;
			};
			name = Release;
		};
		4442669023F35DB900BBE8A6 /* Debug */ = {
			isa = XCBuildConfiguration;
			baseConfigurationReference = 8524E2C2FBC9E1D75A0EAACC /* Pods-Parstagram.debug.xcconfig */;
			buildSettings = {
				ASSETCATALOG_COMPILER_APPICON_NAME = AppIcon;
				CODE_SIGN_STYLE = Automatic;
				INFOPLIST_FILE = Parstagram/Info.plist;
				LD_RUNPATH_SEARCH_PATHS = (
					"$(inherited)",
					"@executable_path/Frameworks",
				);
				PRODUCT_BUNDLE_IDENTIFIER = com.nasarissa.Parstagram;
				PRODUCT_NAME = "$(TARGET_NAME)";
				SWIFT_VERSION = 5.0;
				TARGETED_DEVICE_FAMILY = "1,2";
			};
			name = Debug;
		};
		4442669123F35DB900BBE8A6 /* Release */ = {
			isa = XCBuildConfiguration;
			baseConfigurationReference = DD0AB8284B65EB37373BE906 /* Pods-Parstagram.release.xcconfig */;
			buildSettings = {
				ASSETCATALOG_COMPILER_APPICON_NAME = AppIcon;
				CODE_SIGN_STYLE = Automatic;
				INFOPLIST_FILE = Parstagram/Info.plist;
				LD_RUNPATH_SEARCH_PATHS = (
					"$(inherited)",
					"@executable_path/Frameworks",
				);
				PRODUCT_BUNDLE_IDENTIFIER = com.nasarissa.Parstagram;
				PRODUCT_NAME = "$(TARGET_NAME)";
				SWIFT_VERSION = 5.0;
				TARGETED_DEVICE_FAMILY = "1,2";
			};
			name = Release;
		};
		4442669323F35DB900BBE8A6 /* Debug */ = {
			isa = XCBuildConfiguration;
			baseConfigurationReference = FBB35E28A6011031CBB059D0 /* Pods-ParstagramTests.debug.xcconfig */;
			buildSettings = {
				ALWAYS_EMBED_SWIFT_STANDARD_LIBRARIES = YES;
				BUNDLE_LOADER = "$(TEST_HOST)";
				CODE_SIGN_STYLE = Automatic;
				INFOPLIST_FILE = ParstagramTests/Info.plist;
				IPHONEOS_DEPLOYMENT_TARGET = 13.2;
				LD_RUNPATH_SEARCH_PATHS = (
					"$(inherited)",
					"@executable_path/Frameworks",
					"@loader_path/Frameworks",
				);
				PRODUCT_BUNDLE_IDENTIFIER = com.nasarissa.ParstagramTests;
				PRODUCT_NAME = "$(TARGET_NAME)";
				SWIFT_VERSION = 5.0;
				TARGETED_DEVICE_FAMILY = "1,2";
				TEST_HOST = "$(BUILT_PRODUCTS_DIR)/Parstagram.app/Parstagram";
			};
			name = Debug;
		};
		4442669423F35DB900BBE8A6 /* Release */ = {
			isa = XCBuildConfiguration;
			baseConfigurationReference = 34534FC402B7E9F06DFB3EE6 /* Pods-ParstagramTests.release.xcconfig */;
			buildSettings = {
				ALWAYS_EMBED_SWIFT_STANDARD_LIBRARIES = YES;
				BUNDLE_LOADER = "$(TEST_HOST)";
				CODE_SIGN_STYLE = Automatic;
				INFOPLIST_FILE = ParstagramTests/Info.plist;
				IPHONEOS_DEPLOYMENT_TARGET = 13.2;
				LD_RUNPATH_SEARCH_PATHS = (
					"$(inherited)",
					"@executable_path/Frameworks",
					"@loader_path/Frameworks",
				);
				PRODUCT_BUNDLE_IDENTIFIER = com.nasarissa.ParstagramTests;
				PRODUCT_NAME = "$(TARGET_NAME)";
				SWIFT_VERSION = 5.0;
				TARGETED_DEVICE_FAMILY = "1,2";
				TEST_HOST = "$(BUILT_PRODUCTS_DIR)/Parstagram.app/Parstagram";
			};
			name = Release;
		};
		4442669623F35DB900BBE8A6 /* Debug */ = {
			isa = XCBuildConfiguration;
			baseConfigurationReference = AD7F8079F2A81CA9BB775AFF /* Pods-Parstagram-ParstagramUITests.debug.xcconfig */;
			buildSettings = {
				ALWAYS_EMBED_SWIFT_STANDARD_LIBRARIES = YES;
				CODE_SIGN_STYLE = Automatic;
				INFOPLIST_FILE = ParstagramUITests/Info.plist;
				LD_RUNPATH_SEARCH_PATHS = (
					"$(inherited)",
					"@executable_path/Frameworks",
					"@loader_path/Frameworks",
				);
				PRODUCT_BUNDLE_IDENTIFIER = com.nasarissa.ParstagramUITests;
				PRODUCT_NAME = "$(TARGET_NAME)";
				SWIFT_VERSION = 5.0;
				TARGETED_DEVICE_FAMILY = "1,2";
				TEST_TARGET_NAME = Parstagram;
			};
			name = Debug;
		};
		4442669723F35DB900BBE8A6 /* Release */ = {
			isa = XCBuildConfiguration;
			baseConfigurationReference = 107BAC477B9C763E52BE26DE /* Pods-Parstagram-ParstagramUITests.release.xcconfig */;
			buildSettings = {
				ALWAYS_EMBED_SWIFT_STANDARD_LIBRARIES = YES;
				CODE_SIGN_STYLE = Automatic;
				INFOPLIST_FILE = ParstagramUITests/Info.plist;
				LD_RUNPATH_SEARCH_PATHS = (
					"$(inherited)",
					"@executable_path/Frameworks",
					"@loader_path/Frameworks",
				);
				PRODUCT_BUNDLE_IDENTIFIER = com.nasarissa.ParstagramUITests;
				PRODUCT_NAME = "$(TARGET_NAME)";
				SWIFT_VERSION = 5.0;
				TARGETED_DEVICE_FAMILY = "1,2";
				TEST_TARGET_NAME = Parstagram;
			};
			name = Release;
		};
/* End XCBuildConfiguration section */

/* Begin XCConfigurationList section */
		4442666023F35DB800BBE8A6 /* Build configuration list for PBXProject "Parstagram" */ = {
			isa = XCConfigurationList;
			buildConfigurations = (
				4442668D23F35DB900BBE8A6 /* Debug */,
				4442668E23F35DB900BBE8A6 /* Release */,
			);
			defaultConfigurationIsVisible = 0;
			defaultConfigurationName = Release;
		};
		4442668F23F35DB900BBE8A6 /* Build configuration list for PBXNativeTarget "Parstagram" */ = {
			isa = XCConfigurationList;
			buildConfigurations = (
				4442669023F35DB900BBE8A6 /* Debug */,
				4442669123F35DB900BBE8A6 /* Release */,
			);
			defaultConfigurationIsVisible = 0;
			defaultConfigurationName = Release;
		};
		4442669223F35DB900BBE8A6 /* Build configuration list for PBXNativeTarget "ParstagramTests" */ = {
			isa = XCConfigurationList;
			buildConfigurations = (
				4442669323F35DB900BBE8A6 /* Debug */,
				4442669423F35DB900BBE8A6 /* Release */,
			);
			defaultConfigurationIsVisible = 0;
			defaultConfigurationName = Release;
		};
		4442669523F35DB900BBE8A6 /* Build configuration list for PBXNativeTarget "ParstagramUITests" */ = {
			isa = XCConfigurationList;
			buildConfigurations = (
				4442669623F35DB900BBE8A6 /* Debug */,
				4442669723F35DB900BBE8A6 /* Release */,
			);
			defaultConfigurationIsVisible = 0;
			defaultConfigurationName = Release;
		};
/* End XCConfigurationList section */
	};
	rootObject = 4442665D23F35DB800BBE8A6 /* Project object */;
}
